
Microsoft Visual Studio Solution File, Format Version 12.00
#
Project("{FAE04EC0-301F-11D3-BF4B-00C04F79EFBC}") = "BudgetPeeker", "BudgetPeeker\BudgetPeeker.csproj", "{753A82C2-C72A-4C50-84FA-D4D83ED6703B}"
EndProject
Global
	GlobalSection(SolutionConfigurationPlatforms) = preSolution
		Debug|Any CPU = Debug|Any CPU
		Release|Any CPU = Release|Any CPU
	EndGlobalSection
	GlobalSection(ProjectConfigurationPlatforms) = postSolution
		{753A82C2-C72A-4C50-84FA-D4D83ED6703B}.Debug|Any CPU.ActiveCfg = Debug|Any CPU
		{753A82C2-C72A-4C50-84FA-D4D83ED6703B}.Debug|Any CPU.Build.0 = Debug|Any CPU
		{753A82C2-C72A-4C50-84FA-D4D83ED6703B}.Release|Any CPU.ActiveCfg = Release|Any CPU
		{753A82C2-C72A-4C50-84FA-D4D83ED6703B}.Release|Any CPU.Build.0 = Release|Any CPU
	EndGlobalSection
EndGlobal
